
Microsoft Visual Studio Solution File, Format Version 12.00
# Visual Studio Version 16
VisualStudioVersion = 16.0.29102.190
MinimumVisualStudioVersion = 10.0.40219.1
Project("{2150E333-8FDC-42A3-9474-1A3956D46DE8}") = "Testing", "Testing", "{6243A898-007B-40CD-8941-D01A5414F40F}"
EndProject
Project("{9A19103F-16F7-4668-BE54-9A1E7A4F7556}") = "UnitTesting.ShoppingCartApp", "UnitTesting.ShoppingCart\UnitTesting.ShoppingCartApp.csproj", "{B7429531-19AE-432E-95A8-2F92273E996F}"
EndProject
Project("{9A19103F-16F7-4668-BE54-9A1E7A4F7556}") = "UnitTesting.ShoppingCartApp.Tests", "UnitTesting.ShoppingCart.Tests\UnitTesting.ShoppingCartApp.Tests.csproj", "{B794C4FB-D55D-4460-9E7F-F27EBA933B8A}"
EndProject
Global
	GlobalSection(SolutionConfigurationPlatforms) = preSolution
		Debug|Any CPU = Debug|Any CPU
		Release|Any CPU = Release|Any CPU
	EndGlobalSection
	GlobalSection(ProjectConfigurationPlatforms) = postSolution
		{B7429531-19AE-432E-95A8-2F92273E996F}.Debug|Any CPU.ActiveCfg = Debug|Any CPU
		{B7429531-19AE-432E-95A8-2F92273E996F}.Debug|Any CPU.Build.0 = Debug|Any CPU
		{B7429531-19AE-432E-95A8-2F92273E996F}.Release|Any CPU.ActiveCfg = Release|Any CPU
		{B7429531-19AE-432E-95A8-2F92273E996F}.Release|Any CPU.Build.0 = Release|Any CPU
		{B794C4FB-D55D-4460-9E7F-F27EBA933B8A}.Debug|Any CPU.ActiveCfg = Debug|Any CPU
		{B794C4FB-D55D-4460-9E7F-F27EBA933B8A}.Debug|Any CPU.Build.0 = Debug|Any CPU
		{B794C4FB-D55D-4460-9E7F-F27EBA933B8A}.Release|Any CPU.ActiveCfg = Release|Any CPU
		{B794C4FB-D55D-4460-9E7F-F27EBA933B8A}.Release|Any CPU.Build.0 = Release|Any CPU
	EndGlobalSection
	GlobalSection(SolutionProperties) = preSolution
		HideSolutionNode = FALSE
	EndGlobalSection
	GlobalSection(NestedProjects) = preSolution
		{B7429531-19AE-432E-95A8-2F92273E996F} = {6243A898-007B-40CD-8941-D01A5414F40F}
		{B794C4FB-D55D-4460-9E7F-F27EBA933B8A} = {6243A898-007B-40CD-8941-D01A5414F40F}
	EndGlobalSection
	GlobalSection(ExtensibilityGlobals) = postSolution
		SolutionGuid = {134D1F15-56FD-440F-9927-998DE3F0CF71}
	EndGlobalSection
EndGlobal
